
Microsoft Visual Studio Solution File, Format Version 12.00
# Visual Studio Version 16
VisualStudioVersion = 16.0.30104.148
MinimumVisualStudioVersion = 10.0.40219.1
Project("{9A19103F-16F7-4668-BE54-9A1E7A4F7556}") = "OfficeMart.UI", "OfficeMart.UI\OfficeMart.UI.csproj", "{84A4B61C-3659-4BC0-A523-CA90387790C3}"
EndProject
Project("{9A19103F-16F7-4668-BE54-9A1E7A4F7556}") = "OfficeMart.Domain", "OfficeMart.Domain\OfficeMart.Domain.csproj", "{F65DD72B-B276-4319-AEFE-7F1364EDD269}"
EndProject
Project("{9A19103F-16F7-4668-BE54-9A1E7A4F7556}") = "OfficeMart.Business", "OfficeMart.Business\OfficeMart.Business.csproj", "{71237D00-04B7-49C1-A00C-E061111135E2}"
EndProject
Project("{9A19103F-16F7-4668-BE54-9A1E7A4F7556}") = "OfficeMart.Extensions", "OfficeMart.Extensions\OfficeMart.Extensions.csproj", "{F3E93B4C-FEE1-4281-ADF1-099982065750}"
EndProject
Global
	GlobalSection(SolutionConfigurationPlatforms) = preSolution
		Debug|Any CPU = Debug|Any CPU
		Release|Any CPU = Release|Any CPU
	EndGlobalSection
	GlobalSection(ProjectConfigurationPlatforms) = postSolution
		{84A4B61C-3659-4BC0-A523-CA90387790C3}.Debug|Any CPU.ActiveCfg = Debug|Any CPU
		{84A4B61C-3659-4BC0-A523-CA90387790C3}.Debug|Any CPU.Build.0 = Debug|Any CPU
		{84A4B61C-3659-4BC0-A523-CA90387790C3}.Release|Any CPU.ActiveCfg = Release|Any CPU
		{84A4B61C-3659-4BC0-A523-CA90387790C3}.Release|Any CPU.Build.0 = Release|Any CPU
		{F65DD72B-B276-4319-AEFE-7F1364EDD269}.Debug|Any CPU.ActiveCfg = Debug|Any CPU
		{F65DD72B-B276-4319-AEFE-7F1364EDD269}.Debug|Any CPU.Build.0 = Debug|Any CPU
		{F65DD72B-B276-4319-AEFE-7F1364EDD269}.Release|Any CPU.ActiveCfg = Release|Any CPU
		{F65DD72B-B276-4319-AEFE-7F1364EDD269}.Release|Any CPU.Build.0 = Release|Any CPU
		{71237D00-04B7-49C1-A00C-E061111135E2}.Debug|Any CPU.ActiveCfg = Debug|Any CPU
		{71237D00-04B7-49C1-A00C-E061111135E2}.Debug|Any CPU.Build.0 = Debug|Any CPU
		{71237D00-04B7-49C1-A00C-E061111135E2}.Release|Any CPU.ActiveCfg = Release|Any CPU
		{71237D00-04B7-49C1-A00C-E061111135E2}.Release|Any CPU.Build.0 = Release|Any CPU
		{F3E93B4C-FEE1-4281-ADF1-099982065750}.Debug|Any CPU.ActiveCfg = Debug|Any CPU
		{F3E93B4C-FEE1-4281-ADF1-099982065750}.Debug|Any CPU.Build.0 = Debug|Any CPU
		{F3E93B4C-FEE1-4281-ADF1-099982065750}.Release|Any CPU.ActiveCfg = Release|Any CPU
		{F3E93B4C-FEE1-4281-ADF1-099982065750}.Release|Any CPU.Build.0 = Release|Any CPU
	EndGlobalSection
	GlobalSection(SolutionProperties) = preSolution
		HideSolutionNode = FALSE
	EndGlobalSection
	GlobalSection(ExtensibilityGlobals) = postSolution
		SolutionGuid = {8EFC2867-F2C1-4F78-A13A-4D466F7D8D16}
	EndGlobalSection
EndGlobal
